
Microsoft Visual Studio Solution File, Format Version 12.00
# Visual Studio 2012
Project("{FAE04EC0-301F-11D3-BF4B-00C04F79EFBC}") = "Vector Copy", "Vector Copy.csproj", "{C399F77C-EBF5-4AC9-95CF-5922D528758A}"
EndProject
Global
	GlobalSection(SolutionConfigurationPlatforms) = preSolution
		Debug|Any CPU = Debug|Any CPU
		Release|Any CPU = Release|Any CPU
	EndGlobalSection
	GlobalSection(ProjectConfigurationPlatforms) = postSolution
		{C399F77C-EBF5-4AC9-95CF-5922D528758A}.Debug|Any CPU.ActiveCfg = Debug|Any CPU
		{C399F77C-EBF5-4AC9-95CF-5922D528758A}.Debug|Any CPU.Build.0 = Debug|Any CPU
		{C399F77C-EBF5-4AC9-95CF-5922D528758A}.Release|Any CPU.ActiveCfg = Release|Any CPU
		{C399F77C-EBF5-4AC9-95CF-5922D528758A}.Release|Any CPU.Build.0 = Release|Any CPU
	EndGlobalSection
	GlobalSection(SolutionProperties) = preSolution
		HideSolutionNode = FALSE
	EndGlobalSection
EndGlobal
